
Microsoft Visual Studio Solution File, Format Version 12.00
# Visual Studio Version 17
VisualStudioVersion = 17.7.34031.279
MinimumVisualStudioVersion = 10.0.40219.1
Project("{FAE04EC0-301F-11D3-BF4B-00C04F79EFBC}") = "TH1", "TH1\TH1.csproj", "{1394E7E4-8DE1-4602-8CC1-D0530E7BA558}"
EndProject
Global
	GlobalSection(SolutionConfigurationPlatforms) = preSolution
		Debug|Any CPU = Debug|Any CPU
		Release|Any CPU = Release|Any CPU
	EndGlobalSection
	GlobalSection(ProjectConfigurationPlatforms) = postSolution
		{1394E7E4-8DE1-4602-8CC1-D0530E7BA558}.Debug|Any CPU.ActiveCfg = Debug|Any CPU
		{1394E7E4-8DE1-4602-8CC1-D0530E7BA558}.Debug|Any CPU.Build.0 = Debug|Any CPU
		{1394E7E4-8DE1-4602-8CC1-D0530E7BA558}.Release|Any CPU.ActiveCfg = Release|Any CPU
		{1394E7E4-8DE1-4602-8CC1-D0530E7BA558}.Release|Any CPU.Build.0 = Release|Any CPU
	EndGlobalSection
	GlobalSection(SolutionProperties) = preSolution
		HideSolutionNode = FALSE
	EndGlobalSection
	GlobalSection(ExtensibilityGlobals) = postSolution
		SolutionGuid = {16479CE9-14FD-45D9-89AC-8ED06F10AF2F}
	EndGlobalSection
EndGlobal
